
Microsoft Visual Studio Solution File, Format Version 12.00
# Visual Studio Version 16
VisualStudioVersion = 16.0.31613.86
MinimumVisualStudioVersion = 10.0.40219.1
Project("{FAE04EC0-301F-11D3-BF4B-00C04F79EFBC}") = "Final Exam Practice", "Final Exam Practice\Final Exam Practice.csproj", "{24116B1B-93BC-407D-9CF7-F5B629ED2AFE}"
EndProject
Global
	GlobalSection(SolutionConfigurationPlatforms) = preSolution
		Debug|Any CPU = Debug|Any CPU
		Release|Any CPU = Release|Any CPU
	EndGlobalSection
	GlobalSection(ProjectConfigurationPlatforms) = postSolution
		{24116B1B-93BC-407D-9CF7-F5B629ED2AFE}.Debug|Any CPU.ActiveCfg = Debug|Any CPU
		{24116B1B-93BC-407D-9CF7-F5B629ED2AFE}.Debug|Any CPU.Build.0 = Debug|Any CPU
		{24116B1B-93BC-407D-9CF7-F5B629ED2AFE}.Release|Any CPU.ActiveCfg = Release|Any CPU
		{24116B1B-93BC-407D-9CF7-F5B629ED2AFE}.Release|Any CPU.Build.0 = Release|Any CPU
	EndGlobalSection
	GlobalSection(SolutionProperties) = preSolution
		HideSolutionNode = FALSE
	EndGlobalSection
	GlobalSection(ExtensibilityGlobals) = postSolution
		SolutionGuid = {63DB2687-13A8-4704-93EF-EDCA24C5AF1F}
	EndGlobalSection
EndGlobal
